// !$*UTF8*$!
{
	archiveVersion = 1;
	classes = {
	};
	objectVersion = 50;
	objects = {

/* Begin PBXBuildFile section */
		59547562245E08A00097ECC6 /* AppDelegate.swift in Sources */ = {isa = PBXBuildFile; fileRef = 59547561245E08A00097ECC6 /* AppDelegate.swift */; };
		59547564245E08A00097ECC6 /* SceneDelegate.swift in Sources */ = {isa = PBXBuildFile; fileRef = 59547563245E08A00097ECC6 /* SceneDelegate.swift */; };
		59547566245E08A00097ECC6 /* ContentView.swift in Sources */ = {isa = PBXBuildFile; fileRef = 59547565245E08A00097ECC6 /* ContentView.swift */; };
		59547568245E08A50097ECC6 /* Assets.xcassets in Resources */ = {isa = PBXBuildFile; fileRef = 59547567245E08A50097ECC6 /* Assets.xcassets */; };
		5954756B245E08A50097ECC6 /* Preview Assets.xcassets in Resources */ = {isa = PBXBuildFile; fileRef = 5954756A245E08A50097ECC6 /* Preview Assets.xcassets */; };
		5954756E245E08A50097ECC6 /* LaunchScreen.storyboard in Resources */ = {isa = PBXBuildFile; fileRef = 5954756C245E08A50097ECC6 /* LaunchScreen.storyboard */; };
		59547579245E08A50097ECC6 /* HW1Tests.swift in Sources */ = {isa = PBXBuildFile; fileRef = 59547578245E08A50097ECC6 /* HW1Tests.swift */; };
		59547584245E08A50097ECC6 /* HW1UITests.swift in Sources */ = {isa = PBXBuildFile; fileRef = 59547583245E08A50097ECC6 /* HW1UITests.swift */; };
		59547594245E26A20097ECC6 /* HW1p2.swift in Sources */ = {isa = PBXBuildFile; fileRef = 59547593245E26A20097ECC6 /* HW1p2.swift */; };
		59547598245F5EFA0097ECC6 /* HWp3.swift in Sources */ = {isa = PBXBuildFile; fileRef = 59547597245F5EFA0097ECC6 /* HWp3.swift */; };
/* End PBXBuildFile section */

/* Begin PBXContainerItemProxy section */
		59547575245E08A50097ECC6 /* PBXContainerItemProxy */ = {
			isa = PBXContainerItemProxy;
			containerPortal = 59547556245E08A00097ECC6 /* Project object */;
			proxyType = 1;
			remoteGlobalIDString = 5954755D245E08A00097ECC6;
			remoteInfo = HW1;
		};
		59547580245E08A50097ECC6 /* PBXContainerItemProxy */ = {
			isa = PBXContainerItemProxy;
			containerPortal = 59547556245E08A00097ECC6 /* Project object */;
			proxyType = 1;
			remoteGlobalIDString = 5954755D245E08A00097ECC6;
			remoteInfo = HW1;
		};
/* End PBXContainerItemProxy section */

/* Begin PBXFileReference section */
		5954755E245E08A00097ECC6 /* HW1.app */ = {isa = PBXFileReference; explicitFileType = wrapper.application; includeInIndex = 0; path = HW1.app; sourceTree = BUILT_PRODUCTS_DIR; };
		59547561245E08A00097ECC6 /* AppDelegate.swift */ = {isa = PBXFileReference; lastKnownFileType = sourcecode.swift; path = AppDelegate.swift; sourceTree = "<group>"; };
		59547563245E08A00097ECC6 /* SceneDelegate.swift */ = {isa = PBXFileReference; lastKnownFileType = sourcecode.swift; path = SceneDelegate.swift; sourceTree = "<group>"; };
		59547565245E08A00097ECC6 /* ContentView.swift */ = {isa = PBXFileReference; lastKnownFileType = sourcecode.swift; path = ContentView.swift; sourceTree = "<group>"; };
		59547567245E08A50097ECC6 /* Assets.xcassets */ = {isa = PBXFileReference; lastKnownFileType = folder.assetcatalog; path = Assets.xcassets; sourceTree = "<group>"; };
		5954756A245E08A50097ECC6 /* Preview Assets.xcassets */ = {isa = PBXFileReference; lastKnownFileType = folder.assetcatalog; path = "Preview Assets.xcassets"; sourceTree = "<group>"; };
		5954756D245E08A50097ECC6 /* Base */ = {isa = PBXFileReference; lastKnownFileType = file.storyboard; name = Base; path = Base.lproj/LaunchScreen.storyboard; sourceTree = "<group>"; };
		5954756F245E08A50097ECC6 /* Info.plist */ = {isa = PBXFileReference; lastKnownFileType = text.plist.xml; path = Info.plist; sourceTree = "<group>"; };
		59547574245E08A50097ECC6 /* HW1Tests.xctest */ = {isa = PBXFileReference; explicitFileType = wrapper.cfbundle; includeInIndex = 0; path = HW1Tests.xctest; sourceTree = BUILT_PRODUCTS_DIR; };
		59547578245E08A50097ECC6 /* HW1Tests.swift */ = {isa = PBXFileReference; lastKnownFileType = sourcecode.swift; path = HW1Tests.swift; sourceTree = "<group>"; };
		5954757A245E08A50097ECC6 /* Info.plist */ = {isa = PBXFileReference; lastKnownFileType = text.plist.xml; path = Info.plist; sourceTree = "<group>"; };
		5954757F245E08A50097ECC6 /* HW1UITests.xctest */ = {isa = PBXFileReference; explicitFileType = wrapper.cfbundle; includeInIndex = 0; path = HW1UITests.xctest; sourceTree = BUILT_PRODUCTS_DIR; };
		59547583245E08A50097ECC6 /* HW1UITests.swift */ = {isa = PBXFileReference; lastKnownFileType = sourcecode.swift; path = HW1UITests.swift; sourceTree = "<group>"; };
		59547585245E08A50097ECC6 /* Info.plist */ = {isa = PBXFileReference; lastKnownFileType = text.plist.xml; path = Info.plist; sourceTree = "<group>"; };
		59547593245E26A20097ECC6 /* HW1p2.swift */ = {isa = PBXFileReference; lastKnownFileType = sourcecode.swift; path = HW1p2.swift; sourceTree = "<group>"; };
		59547597245F5EFA0097ECC6 /* HWp3.swift */ = {isa = PBXFileReference; lastKnownFileType = sourcecode.swift; path = HWp3.swift; sourceTree = "<group>"; };
/* End PBXFileReference section */

/* Begin PBXFrameworksBuildPhase section */
		5954755B245E08A00097ECC6 /* Frameworks */ = {
			isa = PBXFrameworksBuildPhase;
			buildActionMask = 2147483647;
			files = (
			);
			runOnlyForDeploymentPostprocessing = 0;
		};
		59547571245E08A50097ECC6 /* Frameworks */ = {
			isa = PBXFrameworksBuildPhase;
			buildActionMask = 2147483647;
			files = (
			);
			runOnlyForDeploymentPostprocessing = 0;
		};
		5954757C245E08A50097ECC6 /* Frameworks */ = {
			isa = PBXFrameworksBuildPhase;
			buildActionMask = 2147483647;
			files = (
			);
			runOnlyForDeploymentPostprocessing = 0;
		};
/* End PBXFrameworksBuildPhase section */

/* Begin PBXGroup section */
		59547555245E08A00097ECC6 = {
			isa = PBXGroup;
			children = (
				59547597245F5EFA0097ECC6 /* HWp3.swift */,
				59547560245E08A00097ECC6 /* HW1 */,
				59547577245E08A50097ECC6 /* HW1Tests */,
				59547582245E08A50097ECC6 /* HW1UITests */,
				5954755F245E08A00097ECC6 /* Products */,
			);
			sourceTree = "<group>";
		};
		5954755F245E08A00097ECC6 /* Products */ = {
			isa = PBXGroup;
			children = (
				5954755E245E08A00097ECC6 /* HW1.app */,
				59547574245E08A50097ECC6 /* HW1Tests.xctest */,
				5954757F245E08A50097ECC6 /* HW1UITests.xctest */,
			);
			name = Products;
			sourceTree = "<group>";
		};
		59547560245E08A00097ECC6 /* HW1 */ = {
			isa = PBXGroup;
			children = (
				59547561245E08A00097ECC6 /* AppDelegate.swift */,
				59547563245E08A00097ECC6 /* SceneDelegate.swift */,
				59547565245E08A00097ECC6 /* ContentView.swift */,
				59547567245E08A50097ECC6 /* Assets.xcassets */,
				5954756C245E08A50097ECC6 /* LaunchScreen.storyboard */,
				5954756F245E08A50097ECC6 /* Info.plist */,
				59547569245E08A50097ECC6 /* Preview Content */,
				59547593245E26A20097ECC6 /* HW1p2.swift */,
			);
			path = HW1;
			sourceTree = "<group>";
		};
		59547569245E08A50097ECC6 /* Preview Content */ = {
			isa = PBXGroup;
			children = (
				5954756A245E08A50097ECC6 /* Preview Assets.xcassets */,
			);
			path = "Preview Content";
			sourceTree = "<group>";
		};
		59547577245E08A50097ECC6 /* HW1Tests */ = {
			isa = PBXGroup;
			children = (
				59547578245E08A50097ECC6 /* HW1Tests.swift */,
				5954757A245E08A50097ECC6 /* Info.plist */,
			);
			path = HW1Tests;
			sourceTree = "<group>";
		};
		59547582245E08A50097ECC6 /* HW1UITests */ = {
			isa = PBXGroup;
			children = (
				59547583245E08A50097ECC6 /* HW1UITests.swift */,
				59547585245E08A50097ECC6 /* Info.plist */,
			);
			path = HW1UITests;
			sourceTree = "<group>";
		};
/* End PBXGroup section */

/* Begin PBXNativeTarget section */
		5954755D245E08A00097ECC6 /* HW1 */ = {
			isa = PBXNativeTarget;
			buildConfigurationList = 59547588245E08A50097ECC6 /* Build configuration list for PBXNativeTarget "HW1" */;
			buildPhases = (
				5954755A245E08A00097ECC6 /* Sources */,
				5954755B245E08A00097ECC6 /* Frameworks */,
				5954755C245E08A00097ECC6 /* Resources */,
			);
			buildRules = (
			);
			dependencies = (
			);
			name = HW1;
			productName = HW1;
			productReference = 5954755E245E08A00097ECC6 /* HW1.app */;
			productType = "com.apple.product-type.application";
		};
		59547573245E08A50097ECC6 /* HW1Tests */ = {
			isa = PBXNativeTarget;
			buildConfigurationList = 5954758B245E08A50097ECC6 /* Build configuration list for PBXNativeTarget "HW1Tests" */;
			buildPhases = (
				59547570245E08A50097ECC6 /* Sources */,
				59547571245E08A50097ECC6 /* Frameworks */,
				59547572245E08A50097ECC6 /* Resources */,
			);
			buildRules = (
			);
			dependencies = (
				59547576245E08A50097ECC6 /* PBXTargetDependency */,
			);
			name = HW1Tests;
			productName = HW1Tests;
			productReference = 59547574245E08A50097ECC6 /* HW1Tests.xctest */;
			productType = "com.apple.product-type.bundle.unit-test";
		};
		5954757E245E08A50097ECC6 /* HW1UITests */ = {
			isa = PBXNativeTarget;
			buildConfigurationList = 5954758E245E08A50097ECC6 /* Build configuration list for PBXNativeTarget "HW1UITests" */;
			buildPhases = (
				5954757B245E08A50097ECC6 /* Sources */,
				5954757C245E08A50097ECC6 /* Frameworks */,
				5954757D245E08A50097ECC6 /* Resources */,
			);
			buildRules = (
			);
			dependencies = (
				59547581245E08A50097ECC6 /* PBXTargetDependency */,
			);
			name = HW1UITests;
			productName = HW1UITests;
			productReference = 5954757F245E08A50097ECC6 /* HW1UITests.xctest */;
			productType = "com.apple.product-type.bundle.ui-testing";
		};
/* End PBXNativeTarget section */

/* Begin PBXProject section */
		59547556245E08A00097ECC6 /* Project object */ = {
			isa = PBXProject;
			attributes = {
				LastSwiftUpdateCheck = 1140;
				LastUpgradeCheck = 1140;
				ORGANIZATIONNAME = "najah ";
				TargetAttributes = {
					5954755D245E08A00097ECC6 = {
						CreatedOnToolsVersion = 11.4;
					};
					59547573245E08A50097ECC6 = {
						CreatedOnToolsVersion = 11.4;
						TestTargetID = 5954755D245E08A00097ECC6;
					};
					5954757E245E08A50097ECC6 = {
						CreatedOnToolsVersion = 11.4;
						TestTargetID = 5954755D245E08A00097ECC6;
					};
				};
			};
			buildConfigurationList = 59547559245E08A00097ECC6 /* Build configuration list for PBXProject "HW1" */;
			compatibilityVersion = "Xcode 9.3";
			developmentRegion = en;
			hasScannedForEncodings = 0;
			knownRegions = (
				en,
				Base,
			);
			mainGroup = 59547555245E08A00097ECC6;
			productRefGroup = 5954755F245E08A00097ECC6 /* Products */;
			projectDirPath = "";
			projectRoot = "";
			targets = (
				5954755D245E08A00097ECC6 /* HW1 */,
				59547573245E08A50097ECC6 /* HW1Tests */,
				5954757E245E08A50097ECC6 /* HW1UITests */,
			);
		};
/* End PBXProject section */

/* Begin PBXResourcesBuildPhase section */
		5954755C245E08A00097ECC6 /* Resources */ = {
			isa = PBXResourcesBuildPhase;
			buildActionMask = 2147483647;
			files = (
				5954756E245E08A50097ECC6 /* LaunchScreen.storyboard in Resources */,
				5954756B245E08A50097ECC6 /* Preview Assets.xcassets in Resources */,
				59547568245E08A50097ECC6 /* Assets.xcassets in Resources */,
			);
			runOnlyForDeploymentPostprocessing = 0;
		};
		59547572245E08A50097ECC6 /* Resources */ = {
			isa = PBXResourcesBuildPhase;
			buildActionMask = 2147483647;
			files = (
			);
			runOnlyForDeploymentPostprocessing = 0;
		};
		5954757D245E08A50097ECC6 /* Resources */ = {
			isa = PBXResourcesBuildPhase;
			buildActionMask = 2147483647;
			files = (
			);
			runOnlyForDeploymentPostprocessing = 0;
		};
/* End PBXResourcesBuildPhase section */

/* Begin PBXSourcesBuildPhase section */
		5954755A245E08A00097ECC6 /* Sources */ = {
			isa = PBXSourcesBuildPhase;
			buildActionMask = 2147483647;
			files = (
				59547594245E26A20097ECC6 /* HW1p2.swift in Sources */,
				59547562245E08A00097ECC6 /* AppDelegate.swift in Sources */,
				59547564245E08A00097ECC6 /* SceneDelegate.swift in Sources */,
				59547566245E08A00097ECC6 /* ContentView.swift in Sources */,
				59547598245F5EFA0097ECC6 /* HWp3.swift in Sources */,
			);
			runOnlyForDeploymentPostprocessing = 0;
		};
		59547570245E08A50097ECC6 /* Sources */ = {
			isa = PBXSourcesBuildPhase;
			buildActionMask = 2147483647;
			files = (
				59547579245E08A50097ECC6 /* HW1Tests.swift in Sources */,
			);
			runOnlyForDeploymentPostprocessing = 0;
		};
		5954757B245E08A50097ECC6 /* Sources */ = {
			isa = PBXSourcesBuildPhase;
			buildActionMask = 2147483647;
			files = (
				59547584245E08A50097ECC6 /* HW1UITests.swift in Sources */,
			);
			runOnlyForDeploymentPostprocessing = 0;
		};
/* End PBXSourcesBuildPhase section */

/* Begin PBXTargetDependency section */
		59547576245E08A50097ECC6 /* PBXTargetDependency */ = {
			isa = PBXTargetDependency;
			target = 5954755D245E08A00097ECC6 /* HW1 */;
			targetProxy = 59547575245E08A50097ECC6 /* PBXContainerItemProxy */;
		};
		59547581245E08A50097ECC6 /* PBXTargetDependency */ = {
			isa = PBXTargetDependency;
			target = 5954755D245E08A00097ECC6 /* HW1 */;
			targetProxy = 59547580245E08A50097ECC6 /* PBXContainerItemProxy */;
		};
/* End PBXTargetDependency section */

/* Begin PBXVariantGroup section */
		5954756C245E08A50097ECC6 /* LaunchScreen.storyboard */ = {
			isa = PBXVariantGroup;
			children = (
				5954756D245E08A50097ECC6 /* Base */,
			);
			name = LaunchScreen.storyboard;
			sourceTree = "<group>";
		};
/* End PBXVariantGroup section */

/* Begin XCBuildConfiguration section */
		59547586245E08A50097ECC6 /* Debug */ = {
			isa = XCBuildConfiguration;
			buildSettings = {
				ALWAYS_SEARCH_USER_PATHS = NO;
				CLANG_ANALYZER_NONNULL = YES;
				CLANG_ANALYZER_NUMBER_OBJECT_CONVERSION = YES_AGGRESSIVE;
				CLANG_CXX_LANGUAGE_STANDARD = "gnu++14";
				CLANG_CXX_LIBRARY = "libc++";
				CLANG_ENABLE_MODULES = YES;
				CLANG_ENABLE_OBJC_ARC = YES;
				CLANG_ENABLE_OBJC_WEAK = YES;
				CLANG_WARN_BLOCK_CAPTURE_AUTORELEASING = YES;
				CLANG_WARN_BOOL_CONVERSION = YES;
				CLANG_WARN_COMMA = YES;
				CLANG_WARN_CONSTANT_CONVERSION = YES;
				CLANG_WARN_DEPRECATED_OBJC_IMPLEMENTATIONS = YES;
				CLANG_WARN_DIRECT_OBJC_ISA_USAGE = YES_ERROR;
				CLANG_WARN_DOCUMENTATION_COMMENTS = YES;
				CLANG_WARN_EMPTY_BODY = YES;
				CLANG_WARN_ENUM_CONVERSION = YES;
				CLANG_WARN_INFINITE_RECURSION = YES;
				CLANG_WARN_INT_CONVERSION = YES;
				CLANG_WARN_NON_LITERAL_NULL_CONVERSION = YES;
				CLANG_WARN_OBJC_IMPLICIT_RETAIN_SELF = YES;
				CLANG_WARN_OBJC_LITERAL_CONVERSION = YES;
				CLANG_WARN_OBJC_ROOT_CLASS = YES_ERROR;
				CLANG_WARN_RANGE_LOOP_ANALYSIS = YES;
				CLANG_WARN_STRICT_PROTOTYPES = YES;
				CLANG_WARN_SUSPICIOUS_MOVE = YES;
				CLANG_WARN_UNGUARDED_AVAILABILITY = YES_AGGRESSIVE;
				CLANG_WARN_UNREACHABLE_CODE = YES;
				CLANG_WARN__DUPLICATE_METHOD_MATCH = YES;
				COPY_PHASE_STRIP = NO;
				DEBUG_INFORMATION_FORMAT = dwarf;
				ENABLE_STRICT_OBJC_MSGSEND = YES;
				ENABLE_TESTABILITY = YES;
				GCC_C_LANGUAGE_STANDARD = gnu11;
				GCC_DYNAMIC_NO_PIC = NO;
				GCC_NO_COMMON_BLOCKS = YES;
				GCC_OPTIMIZATION_LEVEL = 0;
				GCC_PREPROCESSOR_DEFINITIONS = (
					"DEBUG=1",
					"$(inherited)",
				);
				GCC_WARN_64_TO_32_BIT_CONVERSION = YES;
				GCC_WARN_ABOUT_RETURN_TYPE = YES_ERROR;
				GCC_WARN_UNDECLARED_SELECTOR = YES;
				GCC_WARN_UNINITIALIZED_AUTOS = YES_AGGRESSIVE;
				GCC_WARN_UNUSED_FUNCTION = YES;
				GCC_WARN_UNUSED_VARIABLE = YES;
				IPHONEOS_DEPLOYMENT_TARGET = 13.4;
				MTL_ENABLE_DEBUG_INFO = INCLUDE_SOURCE;
				MTL_FAST_MATH = YES;
				ONLY_ACTIVE_ARCH = YES;
				SDKROOT = iphoneos;
				SWIFT_ACTIVE_COMPILATION_CONDITIONS = DEBUG;
				SWIFT_OPTIMIZATION_LEVEL = "-Onone";
			};
			name = Debug;
		};
		59547587245E08A50097ECC6 /* Release */ = {
			isa = XCBuildConfiguration;
			buildSettings = {
				ALWAYS_SEARCH_USER_PATHS = NO;
				CLANG_ANALYZER_NONNULL = YES;
				CLANG_ANALYZER_NUMBER_OBJECT_CONVERSION = YES_AGGRESSIVE;
				CLANG_CXX_LANGUAGE_STANDARD = "gnu++14";
				CLANG_CXX_LIBRARY = "libc++";
				CLANG_ENABLE_MODULES = YES;
				CLANG_ENABLE_OBJC_ARC = YES;
				CLANG_ENABLE_OBJC_WEAK = YES;
				CLANG_WARN_BLOCK_CAPTURE_AUTORELEASING = YES;
				CLANG_WARN_BOOL_CONVERSION = YES;
				CLANG_WARN_COMMA = YES;
				CLANG_WARN_CONSTANT_CONVERSION = YES;
				CLANG_WARN_DEPRECATED_OBJC_IMPLEMENTATIONS = YES;
				CLANG_WARN_DIRECT_OBJC_ISA_USAGE = YES_ERROR;
				CLANG_WARN_DOCUMENTATION_COMMENTS = YES;
				CLANG_WARN_EMPTY_BODY = YES;
				CLANG_WARN_ENUM_CONVERSION = YES;
				CLANG_WARN_INFINITE_RECURSION = YES;
				CLANG_WARN_INT_CONVERSION = YES;
				CLANG_WARN_NON_LITERAL_NULL_CONVERSION = YES;
				CLANG_WARN_OBJC_IMPLICIT_RETAIN_SELF = YES;
				CLANG_WARN_OBJC_LITERAL_CONVERSION = YES;
				CLANG_WARN_OBJC_ROOT_CLASS = YES_ERROR;
				CLANG_WARN_RANGE_LOOP_ANALYSIS = YES;
				CLANG_WARN_STRICT_PROTOTYPES = YES;
				CLANG_WARN_SUSPICIOUS_MOVE = YES;
				CLANG_WARN_UNGUARDED_AVAILABILITY = YES_AGGRESSIVE;
				CLANG_WARN_UNREACHABLE_CODE = YES;
				CLANG_WARN__DUPLICATE_METHOD_MATCH = YES;
				COPY_PHASE_STRIP = NO;
				DEBUG_INFORMATION_FORMAT = "dwarf-with-dsym";
				ENABLE_NS_ASSERTIONS = NO;
				ENABLE_STRICT_OBJC_MSGSEND = YES;
				GCC_C_LANGUAGE_STANDARD = gnu11;
				GCC_NO_COMMON_BLOCKS = YES;
				GCC_WARN_64_TO_32_BIT_CONVERSION = YES;
				GCC_WARN_ABOUT_RETURN_TYPE = YES_ERROR;
				GCC_WARN_UNDECLARED_SELECTOR = YES;
				GCC_WARN_UNINITIALIZED_AUTOS = YES_AGGRESSIVE;
				GCC_WARN_UNUSED_FUNCTION = YES;
				GCC_WARN_UNUSED_VARIABLE = YES;
				IPHONEOS_DEPLOYMENT_TARGET = 13.4;
				MTL_ENABLE_DEBUG_INFO = NO;
				MTL_FAST_MATH = YES;
				SDKROOT = iphoneos;
				SWIFT_COMPILATION_MODE = wholemodule;
				SWIFT_OPTIMIZATION_LEVEL = "-O";
				VALIDATE_PRODUCT = YES;
			};
			name = Release;
		};
		59547589245E08A50097ECC6 /* Debug */ = {
			isa = XCBuildConfiguration;
			buildSettings = {
				ASSETCATALOG_COMPILER_APPICON_NAME = AppIcon;
				CODE_SIGN_STYLE = Automatic;
				DEVELOPMENT_ASSET_PATHS = "\"HW1/Preview Content\"";
				DEVELOPMENT_TEAM = 3NHDKPMCV8;
				ENABLE_PREVIEWS = YES;
				INFOPLIST_FILE = HW1/Info.plist;
				LD_RUNPATH_SEARCH_PATHS = (
					"$(inherited)",
					"@executable_path/Frameworks",
				);
				PRODUCT_BUNDLE_IDENTIFIER = n.HW1;
				PRODUCT_NAME = "$(TARGET_NAME)";
				SWIFT_VERSION = 5.0;
				TARGETED_DEVICE_FAMILY = "1,2";
			};
			name = Debug;
		};
		5954758A245E08A50097ECC6 /* Release */ = {
			isa = XCBuildConfiguration;
			buildSettings = {
				ASSETCATALOG_COMPILER_APPICON_NAME = AppIcon;
				CODE_SIGN_STYLE = Automatic;
				DEVELOPMENT_ASSET_PATHS = "\"HW1/Preview Content\"";
				DEVELOPMENT_TEAM = 3NHDKPMCV8;
				ENABLE_PREVIEWS = YES;
				INFOPLIST_FILE = HW1/Info.plist;
				LD_RUNPATH_SEARCH_PATHS = (
					"$(inherited)",
					"@executable_path/Frameworks",
				);
				PRODUCT_BUNDLE_IDENTIFIER = n.HW1;
				PRODUCT_NAME = "$(TARGET_NAME)";
				SWIFT_VERSION = 5.0;
				TARGETED_DEVICE_FAMILY = "1,2";
			};
			name = Release;
		};
		5954758C245E08A50097ECC6 /* Debug */ = {
			isa = XCBuildConfiguration;
			buildSettings = {
				ALWAYS_EMBED_SWIFT_STANDARD_LIBRARIES = YES;
				BUNDLE_LOADER = "$(TEST_HOST)";
				CODE_SIGN_STYLE = Automatic;
				DEVELOPMENT_TEAM = 3NHDKPMCV8;
				INFOPLIST_FILE = HW1Tests/Info.plist;
				IPHONEOS_DEPLOYMENT_TARGET = 13.4;
				LD_RUNPATH_SEARCH_PATHS = (
					"$(inherited)",
					"@executable_path/Frameworks",
					"@loader_path/Frameworks",
				);
				PRODUCT_BUNDLE_IDENTIFIER = n.HW1Tests;
				PRODUCT_NAME = "$(TARGET_NAME)";
				SWIFT_VERSION = 5.0;
				TARGETED_DEVICE_FAMILY = "1,2";
				TEST_HOST = "$(BUILT_PRODUCTS_DIR)/HW1.app/HW1";
			};
			name = Debug;
		};
		5954758D245E08A50097ECC6 /* Release */ = {
			isa = XCBuildConfiguration;
			buildSettings = {
				ALWAYS_EMBED_SWIFT_STANDARD_LIBRARIES = YES;
				BUNDLE_LOADER = "$(TEST_HOST)";
				CODE_SIGN_STYLE = Automatic;
				DEVELOPMENT_TEAM = 3NHDKPMCV8;
				INFOPLIST_FILE = HW1Tests/Info.plist;
				IPHONEOS_DEPLOYMENT_TARGET = 13.4;
				LD_RUNPATH_SEARCH_PATHS = (
					"$(inherited)",
					"@executable_path/Frameworks",
					"@loader_path/Frameworks",
				);
				PRODUCT_BUNDLE_IDENTIFIER = n.HW1Tests;
				PRODUCT_NAME = "$(TARGET_NAME)";
				SWIFT_VERSION = 5.0;
				TARGETED_DEVICE_FAMILY = "1,2";
				TEST_HOST = "$(BUILT_PRODUCTS_DIR)/HW1.app/HW1";
			};
			name = Release;
		};
		5954758F245E08A50097ECC6 /* Debug */ = {
			isa = XCBuildConfiguration;
			buildSettings = {
				ALWAYS_EMBED_SWIFT_STANDARD_LIBRARIES = YES;
				CODE_SIGN_STYLE = Automatic;
				DEVELOPMENT_TEAM = 3NHDKPMCV8;
				INFOPLIST_FILE = HW1UITests/Info.plist;
				LD_RUNPATH_SEARCH_PATHS = (
					"$(inherited)",
					"@executable_path/Frameworks",
					"@loader_path/Frameworks",
				);
				PRODUCT_BUNDLE_IDENTIFIER = n.HW1UITests;
				PRODUCT_NAME = "$(TARGET_NAME)";
				SWIFT_VERSION = 5.0;
				TARGETED_DEVICE_FAMILY = "1,2";
				TEST_TARGET_NAME = HW1;
			};
			name = Debug;
		};
		59547590245E08A50097ECC6 /* Release */ = {
			isa = XCBuildConfiguration;
			buildSettings = {
				ALWAYS_EMBED_SWIFT_STANDARD_LIBRARIES = YES;
				CODE_SIGN_STYLE = Automatic;
				DEVELOPMENT_TEAM = 3NHDKPMCV8;
				INFOPLIST_FILE = HW1UITests/Info.plist;
				LD_RUNPATH_SEARCH_PATHS = (
					"$(inherited)",
					"@executable_path/Frameworks",
					"@loader_path/Frameworks",
				);
				PRODUCT_BUNDLE_IDENTIFIER = n.HW1UITests;
				PRODUCT_NAME = "$(TARGET_NAME)";
				SWIFT_VERSION = 5.0;
				TARGETED_DEVICE_FAMILY = "1,2";
				TEST_TARGET_NAME = HW1;
			};
			name = Release;
		};
/* End XCBuildConfiguration section */

/* Begin XCConfigurationList section */
		59547559245E08A00097ECC6 /* Build configuration list for PBXProject "HW1" */ = {
			isa = XCConfigurationList;
			buildConfigurations = (
				59547586245E08A50097ECC6 /* Debug */,
				59547587245E08A50097ECC6 /* Release */,
			);
			defaultConfigurationIsVisible = 0;
			defaultConfigurationName = Release;
		};
		59547588245E08A50097ECC6 /* Build configuration list for PBXNativeTarget "HW1" */ = {
			isa = XCConfigurationList;
			buildConfigurations = (
				59547589245E08A50097ECC6 /* Debug */,
				5954758A245E08A50097ECC6 /* Release */,
			);
			defaultConfigurationIsVisible = 0;
			defaultConfigurationName = Release;
		};
		5954758B245E08A50097ECC6 /* Build configuration list for PBXNativeTarget "HW1Tests" */ = {
			isa = XCConfigurationList;
			buildConfigurations = (
				5954758C245E08A50097ECC6 /* Debug */,
				5954758D245E08A50097ECC6 /* Release */,
			);
			defaultConfigurationIsVisible = 0;
			defaultConfigurationName = Release;
		};
		5954758E245E08A50097ECC6 /* Build configuration list for PBXNativeTarget "HW1UITests" */ = {
			isa = XCConfigurationList;
			buildConfigurations = (
				5954758F245E08A50097ECC6 /* Debug */,
				59547590245E08A50097ECC6 /* Release */,
			);
			defaultConfigurationIsVisible = 0;
			defaultConfigurationName = Release;
		};
/* End XCConfigurationList section */
	};
	rootObject = 59547556245E08A00097ECC6 /* Project object */;
}
